
Microsoft Visual Studio Solution File, Format Version 11.00
# Visual Studio 2010
Project("{FAE04EC0-301F-11D3-BF4B-00C04F79EFBC}") = "Space-Shooter", "Assembly-CSharp.csproj", "{D9C63128-57AC-6F72-C9BB-599EE050EED8}"
EndProject
Project("{FAE04EC0-301F-11D3-BF4B-00C04F79EFBC}") = "Space-Shooter", "Assembly-CSharp-Editor.csproj", "{99EFCC9B-EB83-206A-71DA-D0056302BFCC}"
EndProject
Global
	GlobalSection(SolutionConfigurationPlatforms) = preSolution
		Debug|Any CPU = Debug|Any CPU
		Release|Any CPU = Release|Any CPU
	EndGlobalSection
	GlobalSection(ProjectConfigurationPlatforms) = postSolution
		{D9C63128-57AC-6F72-C9BB-599EE050EED8}.Debug|Any CPU.ActiveCfg = Debug|Any CPU
		{D9C63128-57AC-6F72-C9BB-599EE050EED8}.Debug|Any CPU.Build.0 = Debug|Any CPU
		{D9C63128-57AC-6F72-C9BB-599EE050EED8}.Release|Any CPU.ActiveCfg = Release|Any CPU
		{D9C63128-57AC-6F72-C9BB-599EE050EED8}.Release|Any CPU.Build.0 = Release|Any CPU
		{99EFCC9B-EB83-206A-71DA-D0056302BFCC}.Debug|Any CPU.ActiveCfg = Debug|Any CPU
		{99EFCC9B-EB83-206A-71DA-D0056302BFCC}.Debug|Any CPU.Build.0 = Debug|Any CPU
		{99EFCC9B-EB83-206A-71DA-D0056302BFCC}.Release|Any CPU.ActiveCfg = Release|Any CPU
		{99EFCC9B-EB83-206A-71DA-D0056302BFCC}.Release|Any CPU.Build.0 = Release|Any CPU
	EndGlobalSection
	GlobalSection(SolutionProperties) = preSolution
		HideSolutionNode = FALSE
	EndGlobalSection
	GlobalSection(MonoDevelopProperties) = preSolution
		StartupItem = Assembly-CSharp.csproj
	EndGlobalSection
EndGlobal
